// !$*UTF8*$!
{
	archiveVersion = 1;
	classes = {
	};
	objectVersion = 55;
	objects = {

/* Begin PBXBuildFile section */
		04030A41289D0D400074F260 /* NewsListTBLCell.swift in Sources */ = {isa = PBXBuildFile; fileRef = 04030A3F289D0D400074F260 /* NewsListTBLCell.swift */; };
		04030A42289D0D400074F260 /* NewsListTBLCell.xib in Resources */ = {isa = PBXBuildFile; fileRef = 04030A40289D0D400074F260 /* NewsListTBLCell.xib */; };
		04030A44289D0DC30074F260 /* HomeTableViewDelegate.swift in Sources */ = {isa = PBXBuildFile; fileRef = 04030A43289D0DC30074F260 /* HomeTableViewDelegate.swift */; };
		04CF6743289CFD03002891B2 /* AppDelegate.swift in Sources */ = {isa = PBXBuildFile; fileRef = 04CF6742289CFD03002891B2 /* AppDelegate.swift */; };
		04CF6745289CFD03002891B2 /* SceneDelegate.swift in Sources */ = {isa = PBXBuildFile; fileRef = 04CF6744289CFD03002891B2 /* SceneDelegate.swift */; };
		04CF674A289CFD03002891B2 /* Main.storyboard in Resources */ = {isa = PBXBuildFile; fileRef = 04CF6748289CFD03002891B2 /* Main.storyboard */; };
		04CF674C289CFD09002891B2 /* Assets.xcassets in Resources */ = {isa = PBXBuildFile; fileRef = 04CF674B289CFD09002891B2 /* Assets.xcassets */; };
		04CF674F289CFD09002891B2 /* LaunchScreen.storyboard in Resources */ = {isa = PBXBuildFile; fileRef = 04CF674D289CFD09002891B2 /* LaunchScreen.storyboard */; };
		04CF675C289D0036002891B2 /* HomeView.swift in Sources */ = {isa = PBXBuildFile; fileRef = 04CF675B289D0036002891B2 /* HomeView.swift */; };
		04CF6763289D032D002891B2 /* Constants.swift in Sources */ = {isa = PBXBuildFile; fileRef = 04CF6762289D032D002891B2 /* Constants.swift */; };
		04CF6765289D092B002891B2 /* HomeVM.swift in Sources */ = {isa = PBXBuildFile; fileRef = 04CF6764289D092B002891B2 /* HomeVM.swift */; };
		04CF6768289D099F002891B2 /* HomeVC.swift in Sources */ = {isa = PBXBuildFile; fileRef = 04CF6767289D099E002891B2 /* HomeVC.swift */; };
/* End PBXBuildFile section */

/* Begin PBXFileReference section */
		04030A3F289D0D400074F260 /* NewsListTBLCell.swift */ = {isa = PBXFileReference; lastKnownFileType = sourcecode.swift; path = NewsListTBLCell.swift; sourceTree = "<group>"; };
		04030A40289D0D400074F260 /* NewsListTBLCell.xib */ = {isa = PBXFileReference; lastKnownFileType = file.xib; path = NewsListTBLCell.xib; sourceTree = "<group>"; };
		04030A43289D0DC30074F260 /* HomeTableViewDelegate.swift */ = {isa = PBXFileReference; lastKnownFileType = sourcecode.swift; path = HomeTableViewDelegate.swift; sourceTree = "<group>"; };
		04CF673F289CFD03002891B2 /* PlayoAssignment.app */ = {isa = PBXFileReference; explicitFileType = wrapper.application; includeInIndex = 0; path = PlayoAssignment.app; sourceTree = BUILT_PRODUCTS_DIR; };
		04CF6742289CFD03002891B2 /* AppDelegate.swift */ = {isa = PBXFileReference; lastKnownFileType = sourcecode.swift; path = AppDelegate.swift; sourceTree = "<group>"; };
		04CF6744289CFD03002891B2 /* SceneDelegate.swift */ = {isa = PBXFileReference; lastKnownFileType = sourcecode.swift; path = SceneDelegate.swift; sourceTree = "<group>"; };
		04CF6749289CFD03002891B2 /* Base */ = {isa = PBXFileReference; lastKnownFileType = file.storyboard; name = Base; path = Base.lproj/Main.storyboard; sourceTree = "<group>"; };
		04CF674B289CFD09002891B2 /* Assets.xcassets */ = {isa = PBXFileReference; lastKnownFileType = folder.assetcatalog; path = Assets.xcassets; sourceTree = "<group>"; };
		04CF674E289CFD09002891B2 /* Base */ = {isa = PBXFileReference; lastKnownFileType = file.storyboard; name = Base; path = Base.lproj/LaunchScreen.storyboard; sourceTree = "<group>"; };
		04CF6750289CFD09002891B2 /* Info.plist */ = {isa = PBXFileReference; lastKnownFileType = text.plist.xml; path = Info.plist; sourceTree = "<group>"; };
		04CF675B289D0036002891B2 /* HomeView.swift */ = {isa = PBXFileReference; lastKnownFileType = sourcecode.swift; path = HomeView.swift; sourceTree = "<group>"; };
		04CF6762289D032D002891B2 /* Constants.swift */ = {isa = PBXFileReference; lastKnownFileType = sourcecode.swift; path = Constants.swift; sourceTree = "<group>"; };
		04CF6764289D092B002891B2 /* HomeVM.swift */ = {isa = PBXFileReference; lastKnownFileType = sourcecode.swift; path = HomeVM.swift; sourceTree = "<group>"; };
		04CF6767289D099E002891B2 /* HomeVC.swift */ = {isa = PBXFileReference; lastKnownFileType = sourcecode.swift; path = HomeVC.swift; sourceTree = "<group>"; };
/* End PBXFileReference section */

/* Begin PBXFrameworksBuildPhase section */
		04CF673C289CFD03002891B2 /* Frameworks */ = {
			isa = PBXFrameworksBuildPhase;
			buildActionMask = 2147483647;
			files = (
			);
			runOnlyForDeploymentPostprocessing = 0;
		};
/* End PBXFrameworksBuildPhase section */

/* Begin PBXGroup section */
		04030A3E289D0CEF0074F260 /* TableCell */ = {
			isa = PBXGroup;
			children = (
				04030A3F289D0D400074F260 /* NewsListTBLCell.swift */,
				04030A40289D0D400074F260 /* NewsListTBLCell.xib */,
			);
			path = TableCell;
			sourceTree = "<group>";
		};
		04CF6736289CFD03002891B2 = {
			isa = PBXGroup;
			children = (
				04CF6741289CFD03002891B2 /* PlayoAssignment */,
				04CF6740289CFD03002891B2 /* Products */,
			);
			sourceTree = "<group>";
		};
		04CF6740289CFD03002891B2 /* Products */ = {
			isa = PBXGroup;
			children = (
				04CF673F289CFD03002891B2 /* PlayoAssignment.app */,
			);
			name = Products;
			sourceTree = "<group>";
		};
		04CF6741289CFD03002891B2 /* PlayoAssignment */ = {
			isa = PBXGroup;
			children = (
				04CF6742289CFD03002891B2 /* AppDelegate.swift */,
				04CF6744289CFD03002891B2 /* SceneDelegate.swift */,
				04CF6761289D030A002891B2 /* Halper */,
				04CF6756289CFF70002891B2 /* Controllers */,
				04CF6748289CFD03002891B2 /* Main.storyboard */,
				04CF674B289CFD09002891B2 /* Assets.xcassets */,
				04CF674D289CFD09002891B2 /* LaunchScreen.storyboard */,
				04CF6750289CFD09002891B2 /* Info.plist */,
			);
			path = PlayoAssignment;
			sourceTree = "<group>";
		};
		04CF6756289CFF70002891B2 /* Controllers */ = {
			isa = PBXGroup;
			children = (
				04CF6757289CFF7E002891B2 /* HomeScreen */,
			);
			path = Controllers;
			sourceTree = "<group>";
		};
		04CF6757289CFF7E002891B2 /* HomeScreen */ = {
			isa = PBXGroup;
			children = (
				04030A3E289D0CEF0074F260 /* TableCell */,
				04CF675A289CFFF9002891B2 /* View */,
				04CF6759289CFFE9002891B2 /* Controller */,
				04CF6758289CFFCC002891B2 /* Model */,
			);
			path = HomeScreen;
			sourceTree = "<group>";
		};
		04CF6758289CFFCC002891B2 /* Model */ = {
			isa = PBXGroup;
			children = (
				04CF6764289D092B002891B2 /* HomeVM.swift */,
			);
			path = Model;
			sourceTree = "<group>";
		};
		04CF6759289CFFE9002891B2 /* Controller */ = {
			isa = PBXGroup;
			children = (
				04CF6767289D099E002891B2 /* HomeVC.swift */,
				04030A43289D0DC30074F260 /* HomeTableViewDelegate.swift */,
			);
			path = Controller;
			sourceTree = "<group>";
		};
		04CF675A289CFFF9002891B2 /* View */ = {
			isa = PBXGroup;
			children = (
				04CF675B289D0036002891B2 /* HomeView.swift */,
			);
			path = View;
			sourceTree = "<group>";
		};
		04CF6761289D030A002891B2 /* Halper */ = {
			isa = PBXGroup;
			children = (
				04CF6762289D032D002891B2 /* Constants.swift */,
			);
			path = Halper;
			sourceTree = "<group>";
		};
/* End PBXGroup section */

/* Begin PBXNativeTarget section */
		04CF673E289CFD03002891B2 /* PlayoAssignment */ = {
			isa = PBXNativeTarget;
			buildConfigurationList = 04CF6753289CFD09002891B2 /* Build configuration list for PBXNativeTarget "PlayoAssignment" */;
			buildPhases = (
				04CF673B289CFD03002891B2 /* Sources */,
				04CF673C289CFD03002891B2 /* Frameworks */,
				04CF673D289CFD03002891B2 /* Resources */,
			);
			buildRules = (
			);
			dependencies = (
			);
			name = PlayoAssignment;
			productName = PlayoAssignment;
			productReference = 04CF673F289CFD03002891B2 /* PlayoAssignment.app */;
			productType = "com.apple.product-type.application";
		};
/* End PBXNativeTarget section */

/* Begin PBXProject section */
		04CF6737289CFD03002891B2 /* Project object */ = {
			isa = PBXProject;
			attributes = {
				BuildIndependentTargetsInParallel = 1;
				LastSwiftUpdateCheck = 1320;
				LastUpgradeCheck = 1320;
				TargetAttributes = {
					04CF673E289CFD03002891B2 = {
						CreatedOnToolsVersion = 13.2.1;
					};
				};
			};
			buildConfigurationList = 04CF673A289CFD03002891B2 /* Build configuration list for PBXProject "PlayoAssignment" */;
			compatibilityVersion = "Xcode 13.0";
			developmentRegion = en;
			hasScannedForEncodings = 0;
			knownRegions = (
				en,
				Base,
			);
			mainGroup = 04CF6736289CFD03002891B2;
			productRefGroup = 04CF6740289CFD03002891B2 /* Products */;
			projectDirPath = "";
			projectRoot = "";
			targets = (
				04CF673E289CFD03002891B2 /* PlayoAssignment */,
			);
		};
/* End PBXProject section */

/* Begin PBXResourcesBuildPhase section */
		04CF673D289CFD03002891B2 /* Resources */ = {
			isa = PBXResourcesBuildPhase;
			buildActionMask = 2147483647;
			files = (
				04CF674F289CFD09002891B2 /* LaunchScreen.storyboard in Resources */,
				04CF674C289CFD09002891B2 /* Assets.xcassets in Resources */,
				04CF674A289CFD03002891B2 /* Main.storyboard in Resources */,
				04030A42289D0D400074F260 /* NewsListTBLCell.xib in Resources */,
			);
			runOnlyForDeploymentPostprocessing = 0;
		};
/* End PBXResourcesBuildPhase section */

/* Begin PBXSourcesBuildPhase section */
		04CF673B289CFD03002891B2 /* Sources */ = {
			isa = PBXSourcesBuildPhase;
			buildActionMask = 2147483647;
			files = (
				04CF675C289D0036002891B2 /* HomeView.swift in Sources */,
				04030A41289D0D400074F260 /* NewsListTBLCell.swift in Sources */,
				04CF6743289CFD03002891B2 /* AppDelegate.swift in Sources */,
				04CF6745289CFD03002891B2 /* SceneDelegate.swift in Sources */,
				04CF6768289D099F002891B2 /* HomeVC.swift in Sources */,
				04030A44289D0DC30074F260 /* HomeTableViewDelegate.swift in Sources */,
				04CF6765289D092B002891B2 /* HomeVM.swift in Sources */,
				04CF6763289D032D002891B2 /* Constants.swift in Sources */,
			);
			runOnlyForDeploymentPostprocessing = 0;
		};
/* End PBXSourcesBuildPhase section */

/* Begin PBXVariantGroup section */
		04CF6748289CFD03002891B2 /* Main.storyboard */ = {
			isa = PBXVariantGroup;
			children = (
				04CF6749289CFD03002891B2 /* Base */,
			);
			name = Main.storyboard;
			sourceTree = "<group>";
		};
		04CF674D289CFD09002891B2 /* LaunchScreen.storyboard */ = {
			isa = PBXVariantGroup;
			children = (
				04CF674E289CFD09002891B2 /* Base */,
			);
			name = LaunchScreen.storyboard;
			sourceTree = "<group>";
		};
/* End PBXVariantGroup section */

/* Begin XCBuildConfiguration section */
		04CF6751289CFD09002891B2 /* Debug */ = {
			isa = XCBuildConfiguration;
			buildSettings = {
				ALWAYS_SEARCH_USER_PATHS = NO;
				CLANG_ANALYZER_NONNULL = YES;
				CLANG_ANALYZER_NUMBER_OBJECT_CONVERSION = YES_AGGRESSIVE;
				CLANG_CXX_LANGUAGE_STANDARD = "gnu++17";
				CLANG_CXX_LIBRARY = "libc++";
				CLANG_ENABLE_MODULES = YES;
				CLANG_ENABLE_OBJC_ARC = YES;
				CLANG_ENABLE_OBJC_WEAK = YES;
				CLANG_WARN_BLOCK_CAPTURE_AUTORELEASING = YES;
				CLANG_WARN_BOOL_CONVERSION = YES;
				CLANG_WARN_COMMA = YES;
				CLANG_WARN_CONSTANT_CONVERSION = YES;
				CLANG_WARN_DEPRECATED_OBJC_IMPLEMENTATIONS = YES;
				CLANG_WARN_DIRECT_OBJC_ISA_USAGE = YES_ERROR;
				CLANG_WARN_DOCUMENTATION_COMMENTS = YES;
				CLANG_WARN_EMPTY_BODY = YES;
				CLANG_WARN_ENUM_CONVERSION = YES;
				CLANG_WARN_INFINITE_RECURSION = YES;
				CLANG_WARN_INT_CONVERSION = YES;
				CLANG_WARN_NON_LITERAL_NULL_CONVERSION = YES;
				CLANG_WARN_OBJC_IMPLICIT_RETAIN_SELF = YES;
				CLANG_WARN_OBJC_LITERAL_CONVERSION = YES;
				CLANG_WARN_OBJC_ROOT_CLASS = YES_ERROR;
				CLANG_WARN_QUOTED_INCLUDE_IN_FRAMEWORK_HEADER = YES;
				CLANG_WARN_RANGE_LOOP_ANALYSIS = YES;
				CLANG_WARN_STRICT_PROTOTYPES = YES;
				CLANG_WARN_SUSPICIOUS_MOVE = YES;
				CLANG_WARN_UNGUARDED_AVAILABILITY = YES_AGGRESSIVE;
				CLANG_WARN_UNREACHABLE_CODE = YES;
				CLANG_WARN__DUPLICATE_METHOD_MATCH = YES;
				COPY_PHASE_STRIP = NO;
				DEBUG_INFORMATION_FORMAT = dwarf;
				ENABLE_STRICT_OBJC_MSGSEND = YES;
				ENABLE_TESTABILITY = YES;
				GCC_C_LANGUAGE_STANDARD = gnu11;
				GCC_DYNAMIC_NO_PIC = NO;
				GCC_NO_COMMON_BLOCKS = YES;
				GCC_OPTIMIZATION_LEVEL = 0;
				GCC_PREPROCESSOR_DEFINITIONS = (
					"DEBUG=1",
					"$(inherited)",
				);
				GCC_WARN_64_TO_32_BIT_CONVERSION = YES;
				GCC_WARN_ABOUT_RETURN_TYPE = YES_ERROR;
				GCC_WARN_UNDECLARED_SELECTOR = YES;
				GCC_WARN_UNINITIALIZED_AUTOS = YES_AGGRESSIVE;
				GCC_WARN_UNUSED_FUNCTION = YES;
				GCC_WARN_UNUSED_VARIABLE = YES;
				IPHONEOS_DEPLOYMENT_TARGET = 15.2;
				MTL_ENABLE_DEBUG_INFO = INCLUDE_SOURCE;
				MTL_FAST_MATH = YES;
				ONLY_ACTIVE_ARCH = YES;
				SDKROOT = iphoneos;
				SWIFT_ACTIVE_COMPILATION_CONDITIONS = DEBUG;
				SWIFT_OPTIMIZATION_LEVEL = "-Onone";
			};
			name = Debug;
		};
		04CF6752289CFD09002891B2 /* Release */ = {
			isa = XCBuildConfiguration;
			buildSettings = {
				ALWAYS_SEARCH_USER_PATHS = NO;
				CLANG_ANALYZER_NONNULL = YES;
				CLANG_ANALYZER_NUMBER_OBJECT_CONVERSION = YES_AGGRESSIVE;
				CLANG_CXX_LANGUAGE_STANDARD = "gnu++17";
				CLANG_CXX_LIBRARY = "libc++";
				CLANG_ENABLE_MODULES = YES;
				CLANG_ENABLE_OBJC_ARC = YES;
				CLANG_ENABLE_OBJC_WEAK = YES;
				CLANG_WARN_BLOCK_CAPTURE_AUTORELEASING = YES;
				CLANG_WARN_BOOL_CONVERSION = YES;
				CLANG_WARN_COMMA = YES;
				CLANG_WARN_CONSTANT_CONVERSION = YES;
				CLANG_WARN_DEPRECATED_OBJC_IMPLEMENTATIONS = YES;
				CLANG_WARN_DIRECT_OBJC_ISA_USAGE = YES_ERROR;
				CLANG_WARN_DOCUMENTATION_COMMENTS = YES;
				CLANG_WARN_EMPTY_BODY = YES;
				CLANG_WARN_ENUM_CONVERSION = YES;
				CLANG_WARN_INFINITE_RECURSION = YES;
				CLANG_WARN_INT_CONVERSION = YES;
				CLANG_WARN_NON_LITERAL_NULL_CONVERSION = YES;
				CLANG_WARN_OBJC_IMPLICIT_RETAIN_SELF = YES;
				CLANG_WARN_OBJC_LITERAL_CONVERSION = YES;
				CLANG_WARN_OBJC_ROOT_CLASS = YES_ERROR;
				CLANG_WARN_QUOTED_INCLUDE_IN_FRAMEWORK_HEADER = YES;
				CLANG_WARN_RANGE_LOOP_ANALYSIS = YES;
				CLANG_WARN_STRICT_PROTOTYPES = YES;
				CLANG_WARN_SUSPICIOUS_MOVE = YES;
				CLANG_WARN_UNGUARDED_AVAILABILITY = YES_AGGRESSIVE;
				CLANG_WARN_UNREACHABLE_CODE = YES;
				CLANG_WARN__DUPLICATE_METHOD_MATCH = YES;
				COPY_PHASE_STRIP = NO;
				DEBUG_INFORMATION_FORMAT = "dwarf-with-dsym";
				ENABLE_NS_ASSERTIONS = NO;
				ENABLE_STRICT_OBJC_MSGSEND = YES;
				GCC_C_LANGUAGE_STANDARD = gnu11;
				GCC_NO_COMMON_BLOCKS = YES;
				GCC_WARN_64_TO_32_BIT_CONVERSION = YES;
				GCC_WARN_ABOUT_RETURN_TYPE = YES_ERROR;
				GCC_WARN_UNDECLARED_SELECTOR = YES;
				GCC_WARN_UNINITIALIZED_AUTOS = YES_AGGRESSIVE;
				GCC_WARN_UNUSED_FUNCTION = YES;
				GCC_WARN_UNUSED_VARIABLE = YES;
				IPHONEOS_DEPLOYMENT_TARGET = 15.2;
				MTL_ENABLE_DEBUG_INFO = NO;
				MTL_FAST_MATH = YES;
				SDKROOT = iphoneos;
				SWIFT_COMPILATION_MODE = wholemodule;
				SWIFT_OPTIMIZATION_LEVEL = "-O";
				VALIDATE_PRODUCT = YES;
			};
			name = Release;
		};
		04CF6754289CFD09002891B2 /* Debug */ = {
			isa = XCBuildConfiguration;
			buildSettings = {
				ASSETCATALOG_COMPILER_APPICON_NAME = AppIcon;
				ASSETCATALOG_COMPILER_GLOBAL_ACCENT_COLOR_NAME = AccentColor;
				CODE_SIGN_STYLE = Automatic;
				CURRENT_PROJECT_VERSION = 1;
				DEVELOPMENT_TEAM = 2J7UHS32SF;
				GENERATE_INFOPLIST_FILE = YES;
				INFOPLIST_FILE = PlayoAssignment/Info.plist;
				INFOPLIST_KEY_UIApplicationSupportsIndirectInputEvents = YES;
				INFOPLIST_KEY_UILaunchStoryboardName = LaunchScreen;
				INFOPLIST_KEY_UIMainStoryboardFile = Main;
				INFOPLIST_KEY_UISupportedInterfaceOrientations_iPad = "UIInterfaceOrientationPortrait UIInterfaceOrientationPortraitUpsideDown UIInterfaceOrientationLandscapeLeft UIInterfaceOrientationLandscapeRight";
				INFOPLIST_KEY_UISupportedInterfaceOrientations_iPhone = "UIInterfaceOrientationPortrait UIInterfaceOrientationLandscapeLeft UIInterfaceOrientationLandscapeRight";
				LD_RUNPATH_SEARCH_PATHS = (
					"$(inherited)",
					"@executable_path/Frameworks",
				);
				MARKETING_VERSION = 1.0;
				PRODUCT_BUNDLE_IDENTIFIER = com.jash.PlayoAssignment;
				PRODUCT_NAME = "$(TARGET_NAME)";
				SWIFT_EMIT_LOC_STRINGS = YES;
				SWIFT_VERSION = 5.0;
				TARGETED_DEVICE_FAMILY = "1,2";
			};
			name = Debug;
		};
		04CF6755289CFD09002891B2 /* Release */ = {
			isa = XCBuildConfiguration;
			buildSettings = {
				ASSETCATALOG_COMPILER_APPICON_NAME = AppIcon;
				ASSETCATALOG_COMPILER_GLOBAL_ACCENT_COLOR_NAME = AccentColor;
				CODE_SIGN_STYLE = Automatic;
				CURRENT_PROJECT_VERSION = 1;
				DEVELOPMENT_TEAM = 2J7UHS32SF;
				GENERATE_INFOPLIST_FILE = YES;
				INFOPLIST_FILE = PlayoAssignment/Info.plist;
				INFOPLIST_KEY_UIApplicationSupportsIndirectInputEvents = YES;
				INFOPLIST_KEY_UILaunchStoryboardName = LaunchScreen;
				INFOPLIST_KEY_UIMainStoryboardFile = Main;
				INFOPLIST_KEY_UISupportedInterfaceOrientations_iPad = "UIInterfaceOrientationPortrait UIInterfaceOrientationPortraitUpsideDown UIInterfaceOrientationLandscapeLeft UIInterfaceOrientationLandscapeRight";
				INFOPLIST_KEY_UISupportedInterfaceOrientations_iPhone = "UIInterfaceOrientationPortrait UIInterfaceOrientationLandscapeLeft UIInterfaceOrientationLandscapeRight";
				LD_RUNPATH_SEARCH_PATHS = (
					"$(inherited)",
					"@executable_path/Frameworks",
				);
				MARKETING_VERSION = 1.0;
				PRODUCT_BUNDLE_IDENTIFIER = com.jash.PlayoAssignment;
				PRODUCT_NAME = "$(TARGET_NAME)";
				SWIFT_EMIT_LOC_STRINGS = YES;
				SWIFT_VERSION = 5.0;
				TARGETED_DEVICE_FAMILY = "1,2";
			};
			name = Release;
		};
/* End XCBuildConfiguration section */

/* Begin XCConfigurationList section */
		04CF673A289CFD03002891B2 /* Build configuration list for PBXProject "PlayoAssignment" */ = {
			isa = XCConfigurationList;
			buildConfigurations = (
				04CF6751289CFD09002891B2 /* Debug */,
				04CF6752289CFD09002891B2 /* Release */,
			);
			defaultConfigurationIsVisible = 0;
			defaultConfigurationName = Release;
		};
		04CF6753289CFD09002891B2 /* Build configuration list for PBXNativeTarget "PlayoAssignment" */ = {
			isa = XCConfigurationList;
			buildConfigurations = (
				04CF6754289CFD09002891B2 /* Debug */,
				04CF6755289CFD09002891B2 /* Release */,
			);
			defaultConfigurationIsVisible = 0;
			defaultConfigurationName = Release;
		};
/* End XCConfigurationList section */
	};
	rootObject = 04CF6737289CFD03002891B2 /* Project object */;
}
